// !$*UTF8*$!
{
	archiveVersion = 1;
	classes = {
	};
	objectVersion = 51;
	objects = {

/* Begin PBXBuildFile section */
		4D86E8C525F2C6EE00A70623 /* Session.m in Sources */ = {isa = PBXBuildFile; fileRef = 4D86E8BB25F2C6EE00A70623 /* Session.m */; };
		4D86E8C625F2C6EE00A70623 /* User.m in Sources */ = {isa = PBXBuildFile; fileRef = 4D86E8BC25F2C6EE00A70623 /* User.m */; };
		4D86E8C725F2C6EE00A70623 /* HostUserDecorator.m in Sources */ = {isa = PBXBuildFile; fileRef = 4D86E8C225F2C6EE00A70623 /* HostUserDecorator.m */; };
		4D86E8C825F2C6EE00A70623 /* GuestUserDecorator.m in Sources */ = {isa = PBXBuildFile; fileRef = 4D86E8C325F2C6EE00A70623 /* GuestUserDecorator.m */; };
		4D86E8C925F2C6EE00A70623 /* Audio.m in Sources */ = {isa = PBXBuildFile; fileRef = 4D86E8C425F2C6EE00A70623 /* Audio.m */; };
		4D86E8CB25F2C70C00A70623 /* HostUserDecorator.h in Sources */ = {isa = PBXBuildFile; fileRef = 4D86E8BD25F2C6EE00A70623 /* HostUserDecorator.h */; };
		4D86E8CC25F2C70C00A70623 /* Audio.h in Sources */ = {isa = PBXBuildFile; fileRef = 4D86E8BE25F2C6EE00A70623 /* Audio.h */; };
		4D86E8CD25F2C70C00A70623 /* GuestUserDecorator.h in Sources */ = {isa = PBXBuildFile; fileRef = 4D86E8BF25F2C6EE00A70623 /* GuestUserDecorator.h */; };
		4D86E8CE25F2C70C00A70623 /* Session.h in Sources */ = {isa = PBXBuildFile; fileRef = 4D86E8C025F2C6EE00A70623 /* Session.h */; };
		4D86E8CF25F2C70C00A70623 /* User.h in Sources */ = {isa = PBXBuildFile; fileRef = 4D86E8C125F2C6EE00A70623 /* User.h */; };
		4D8B0122260B8891006659AC /* ShareLinkVC.m in Sources */ = {isa = PBXBuildFile; fileRef = 4D8B0121260B8891006659AC /* ShareLinkVC.m */; };
		4D925A5D25EC68E700907574 /* CreateSessionDetailVC.m in Sources */ = {isa = PBXBuildFile; fileRef = 4D925A5725EC68E700907574 /* CreateSessionDetailVC.m */; };
		4D925A5E25EC68E700907574 /* HomeSessionVC.m in Sources */ = {isa = PBXBuildFile; fileRef = 4D925A5A25EC68E700907574 /* HomeSessionVC.m */; };
		4D925A5F25EC68E700907574 /* RecordingSessionVC.m in Sources */ = {isa = PBXBuildFile; fileRef = 4D925A5B25EC68E700907574 /* RecordingSessionVC.m */; };
		4D925A6025EC68E700907574 /* JoinSessionDetailVC.m in Sources */ = {isa = PBXBuildFile; fileRef = 4D925A5C25EC68E700907574 /* JoinSessionDetailVC.m */; };
		4DB3245B25E5656D006B09B4 /* SignupViewController.m in Sources */ = {isa = PBXBuildFile; fileRef = 4DB3245A25E5656D006B09B4 /* SignupViewController.m */; };
		4DB3246325E56614006B09B4 /* SettingsViewController.m in Sources */ = {isa = PBXBuildFile; fileRef = 4DB3246225E56614006B09B4 /* SettingsViewController.m */; };
		4DB5B1872602828C00583C54 /* MOAudioSliderView.h in Sources */ = {isa = PBXBuildFile; fileRef = 526719FF25FDF850001E9856 /* MOAudioSliderView.h */; };
		4DB5B1882602828C00583C54 /* MOTimeTableView.h in Sources */ = {isa = PBXBuildFile; fileRef = 52671A0025FDF850001E9856 /* MOTimeTableView.h */; };
		4DB5B1892602828C00583C54 /* MOWaveTableView.h in Sources */ = {isa = PBXBuildFile; fileRef = 52671A0225FDF850001E9856 /* MOWaveTableView.h */; };
		4DB5B18A2602828C00583C54 /* WaveView.h in Sources */ = {isa = PBXBuildFile; fileRef = 52671A0425FDF850001E9856 /* WaveView.h */; };
		4DB5B18E2602D25700583C54 /* AudioLibraryViewController.m in Sources */ = {isa = PBXBuildFile; fileRef = 4DB5B18D2602D25700583C54 /* AudioLibraryViewController.m */; };
		4DB7994B25F19CBB004C1C8B /* MergeSessionVC.m in Sources */ = {isa = PBXBuildFile; fileRef = 4DB7994A25F19CBB004C1C8B /* MergeSessionVC.m */; };
		4DB7994F25F19E4F004C1C8B /* ClickTrackSessionVC.m in Sources */ = {isa = PBXBuildFile; fileRef = 4DB7994E25F19E4F004C1C8B /* ClickTrackSessionVC.m */; };
		4DD423132603BD5A0027DCDC /* AudioCell.m in Sources */ = {isa = PBXBuildFile; fileRef = 4DD423122603BD5A0027DCDC /* AudioCell.m */; };
		4DD423172603F4F30027DCDC /* MergeAudioCell.m in Sources */ = {isa = PBXBuildFile; fileRef = 4DD423162603F4F30027DCDC /* MergeAudioCell.m */; };
		4DD9122425F96CF50021F3C8 /* MediaPlayer.framework in Frameworks */ = {isa = PBXBuildFile; fileRef = 4DD9122325F96CF50021F3C8 /* MediaPlayer.framework */; };
		4DE0F89525E6A66E0015C4CA /* AVFoundation.framework in Frameworks */ = {isa = PBXBuildFile; fileRef = 4DE0F89425E6A66E0015C4CA /* AVFoundation.framework */; };
		4DE2DA2C25F592BA00BD7444 /* click-track.wav in Resources */ = {isa = PBXBuildFile; fileRef = 4DE2DA2B25F592BA00BD7444 /* click-track.wav */; };
		4DE2DA3025F592C900BD7444 /* Flute-1.wav in Resources */ = {isa = PBXBuildFile; fileRef = 4DE2DA2E25F592C800BD7444 /* Flute-1.wav */; };
		4DE2DA3125F592C900BD7444 /* Flute-2.wav in Resources */ = {isa = PBXBuildFile; fileRef = 4DE2DA2F25F592C900BD7444 /* Flute-2.wav */; };
		5211E63D26097D6800EB9A10 /* ApplicationState.m in Sources */ = {isa = PBXBuildFile; fileRef = 5211E63C26097D6800EB9A10 /* ApplicationState.m */; };
		52671A0725FDF850001E9856 /* WaveView.m in Sources */ = {isa = PBXBuildFile; fileRef = 52671A0125FDF850001E9856 /* WaveView.m */; };
		52671A0825FDF850001E9856 /* MOAudioSliderView.m in Sources */ = {isa = PBXBuildFile; fileRef = 52671A0325FDF850001E9856 /* MOAudioSliderView.m */; };
		52671A0925FDF850001E9856 /* MOWaveTableView.m in Sources */ = {isa = PBXBuildFile; fileRef = 52671A0525FDF850001E9856 /* MOWaveTableView.m */; };
		52671A0A25FDF850001E9856 /* MOTimeTableView.m in Sources */ = {isa = PBXBuildFile; fileRef = 52671A0625FDF850001E9856 /* MOTimeTableView.m */; };
		528F64FE25F2C51300021C64 /* GoogleService-Info.plist in Resources */ = {isa = PBXBuildFile; fileRef = 528F64FD25F2C51300021C64 /* GoogleService-Info.plist */; };
		529E89AC25D4F16C004CD9B4 /* AppDelegate.m in Sources */ = {isa = PBXBuildFile; fileRef = 529E89AB25D4F16C004CD9B4 /* AppDelegate.m */; };
		529E89AF25D4F16C004CD9B4 /* SceneDelegate.m in Sources */ = {isa = PBXBuildFile; fileRef = 529E89AE25D4F16C004CD9B4 /* SceneDelegate.m */; };
		529E89B225D4F16C004CD9B4 /* HomeViewController.m in Sources */ = {isa = PBXBuildFile; fileRef = 529E89B125D4F16C004CD9B4 /* HomeViewController.m */; };
		529E89B525D4F16C004CD9B4 /* Main.storyboard in Resources */ = {isa = PBXBuildFile; fileRef = 529E89B325D4F16C004CD9B4 /* Main.storyboard */; };
		529E89B725D4F16E004CD9B4 /* Assets.xcassets in Resources */ = {isa = PBXBuildFile; fileRef = 529E89B625D4F16E004CD9B4 /* Assets.xcassets */; };
		529E89BA25D4F16E004CD9B4 /* LaunchScreen.storyboard in Resources */ = {isa = PBXBuildFile; fileRef = 529E89B825D4F16E004CD9B4 /* LaunchScreen.storyboard */; };
		529E89BD25D4F16E004CD9B4 /* main.m in Sources */ = {isa = PBXBuildFile; fileRef = 529E89BC25D4F16E004CD9B4 /* main.m */; };
		A39C211AFE463C2C1B788317 /* Pods_Tootti.framework in Frameworks */ = {isa = PBXBuildFile; fileRef = D0E77DCA928637F698535D99 /* Pods_Tootti.framework */; };
/* End PBXBuildFile section */

/* Begin PBXFileReference section */
		20076766DB71A729C47BA469 /* Pods-Tootti.release.xcconfig */ = {isa = PBXFileReference; includeInIndex = 1; lastKnownFileType = text.xcconfig; name = "Pods-Tootti.release.xcconfig"; path = "Target Support Files/Pods-Tootti/Pods-Tootti.release.xcconfig"; sourceTree = "<group>"; };
		4D86E8BB25F2C6EE00A70623 /* Session.m */ = {isa = PBXFileReference; fileEncoding = 4; lastKnownFileType = sourcecode.c.objc; path = Session.m; sourceTree = "<group>"; };
		4D86E8BC25F2C6EE00A70623 /* User.m */ = {isa = PBXFileReference; fileEncoding = 4; lastKnownFileType = sourcecode.c.objc; path = User.m; sourceTree = "<group>"; };
		4D86E8BD25F2C6EE00A70623 /* HostUserDecorator.h */ = {isa = PBXFileReference; fileEncoding = 4; lastKnownFileType = sourcecode.c.h; path = HostUserDecorator.h; sourceTree = "<group>"; };
		4D86E8BE25F2C6EE00A70623 /* Audio.h */ = {isa = PBXFileReference; fileEncoding = 4; lastKnownFileType = sourcecode.c.h; path = Audio.h; sourceTree = "<group>"; };
		4D86E8BF25F2C6EE00A70623 /* GuestUserDecorator.h */ = {isa = PBXFileReference; fileEncoding = 4; lastKnownFileType = sourcecode.c.h; path = GuestUserDecorator.h; sourceTree = "<group>"; };
		4D86E8C025F2C6EE00A70623 /* Session.h */ = {isa = PBXFileReference; fileEncoding = 4; lastKnownFileType = sourcecode.c.h; path = Session.h; sourceTree = "<group>"; };
		4D86E8C125F2C6EE00A70623 /* User.h */ = {isa = PBXFileReference; fileEncoding = 4; lastKnownFileType = sourcecode.c.h; path = User.h; sourceTree = "<group>"; };
		4D86E8C225F2C6EE00A70623 /* HostUserDecorator.m */ = {isa = PBXFileReference; fileEncoding = 4; lastKnownFileType = sourcecode.c.objc; path = HostUserDecorator.m; sourceTree = "<group>"; };
		4D86E8C325F2C6EE00A70623 /* GuestUserDecorator.m */ = {isa = PBXFileReference; fileEncoding = 4; lastKnownFileType = sourcecode.c.objc; path = GuestUserDecorator.m; sourceTree = "<group>"; };
		4D86E8C425F2C6EE00A70623 /* Audio.m */ = {isa = PBXFileReference; fileEncoding = 4; lastKnownFileType = sourcecode.c.objc; path = Audio.m; sourceTree = "<group>"; };
		4D8B0120260B8891006659AC /* ShareLinkVC.h */ = {isa = PBXFileReference; lastKnownFileType = sourcecode.c.h; path = ShareLinkVC.h; sourceTree = "<group>"; };
		4D8B0121260B8891006659AC /* ShareLinkVC.m */ = {isa = PBXFileReference; lastKnownFileType = sourcecode.c.objc; path = ShareLinkVC.m; sourceTree = "<group>"; };
		4D925A5525EC68E600907574 /* RecordingSessionVC.h */ = {isa = PBXFileReference; fileEncoding = 4; lastKnownFileType = sourcecode.c.h; path = RecordingSessionVC.h; sourceTree = "<group>"; };
		4D925A5625EC68E600907574 /* CreateSessionDetailVC.h */ = {isa = PBXFileReference; fileEncoding = 4; lastKnownFileType = sourcecode.c.h; path = CreateSessionDetailVC.h; sourceTree = "<group>"; };
		4D925A5725EC68E700907574 /* CreateSessionDetailVC.m */ = {isa = PBXFileReference; fileEncoding = 4; lastKnownFileType = sourcecode.c.objc; path = CreateSessionDetailVC.m; sourceTree = "<group>"; };
		4D925A5825EC68E700907574 /* JoinSessionDetailVC.h */ = {isa = PBXFileReference; fileEncoding = 4; lastKnownFileType = sourcecode.c.h; path = JoinSessionDetailVC.h; sourceTree = "<group>"; };
		4D925A5925EC68E700907574 /* HomeSessionVC.h */ = {isa = PBXFileReference; fileEncoding = 4; lastKnownFileType = sourcecode.c.h; path = HomeSessionVC.h; sourceTree = "<group>"; };
		4D925A5A25EC68E700907574 /* HomeSessionVC.m */ = {isa = PBXFileReference; fileEncoding = 4; lastKnownFileType = sourcecode.c.objc; path = HomeSessionVC.m; sourceTree = "<group>"; };
		4D925A5B25EC68E700907574 /* RecordingSessionVC.m */ = {isa = PBXFileReference; fileEncoding = 4; lastKnownFileType = sourcecode.c.objc; path = RecordingSessionVC.m; sourceTree = "<group>"; };
		4D925A5C25EC68E700907574 /* JoinSessionDetailVC.m */ = {isa = PBXFileReference; fileEncoding = 4; lastKnownFileType = sourcecode.c.objc; path = JoinSessionDetailVC.m; sourceTree = "<group>"; };
		4D925A6225ECA1FE00907574 /* ToottiDefinitions.h */ = {isa = PBXFileReference; lastKnownFileType = sourcecode.c.h; path = ToottiDefinitions.h; sourceTree = "<group>"; };
		4DB3245925E5656D006B09B4 /* SignupViewController.h */ = {isa = PBXFileReference; lastKnownFileType = sourcecode.c.h; path = SignupViewController.h; sourceTree = "<group>"; };
		4DB3245A25E5656D006B09B4 /* SignupViewController.m */ = {isa = PBXFileReference; lastKnownFileType = sourcecode.c.objc; path = SignupViewController.m; sourceTree = "<group>"; };
		4DB3246125E56614006B09B4 /* SettingsViewController.h */ = {isa = PBXFileReference; lastKnownFileType = sourcecode.c.h; path = SettingsViewController.h; sourceTree = "<group>"; };
		4DB3246225E56614006B09B4 /* SettingsViewController.m */ = {isa = PBXFileReference; lastKnownFileType = sourcecode.c.objc; path = SettingsViewController.m; sourceTree = "<group>"; };
		4DB5B18C2602D25700583C54 /* AudioLibraryViewController.h */ = {isa = PBXFileReference; lastKnownFileType = sourcecode.c.h; path = AudioLibraryViewController.h; sourceTree = "<group>"; };
		4DB5B18D2602D25700583C54 /* AudioLibraryViewController.m */ = {isa = PBXFileReference; lastKnownFileType = sourcecode.c.objc; path = AudioLibraryViewController.m; sourceTree = "<group>"; };
		4DB7994925F19CBB004C1C8B /* MergeSessionVC.h */ = {isa = PBXFileReference; lastKnownFileType = sourcecode.c.h; path = MergeSessionVC.h; sourceTree = "<group>"; };
		4DB7994A25F19CBB004C1C8B /* MergeSessionVC.m */ = {isa = PBXFileReference; lastKnownFileType = sourcecode.c.objc; path = MergeSessionVC.m; sourceTree = "<group>"; };
		4DB7994D25F19E4F004C1C8B /* ClickTrackSessionVC.h */ = {isa = PBXFileReference; lastKnownFileType = sourcecode.c.h; path = ClickTrackSessionVC.h; sourceTree = "<group>"; };
		4DB7994E25F19E4F004C1C8B /* ClickTrackSessionVC.m */ = {isa = PBXFileReference; lastKnownFileType = sourcecode.c.objc; path = ClickTrackSessionVC.m; sourceTree = "<group>"; };
		4DD423112603BD5A0027DCDC /* AudioCell.h */ = {isa = PBXFileReference; lastKnownFileType = sourcecode.c.h; path = AudioCell.h; sourceTree = "<group>"; };
		4DD423122603BD5A0027DCDC /* AudioCell.m */ = {isa = PBXFileReference; lastKnownFileType = sourcecode.c.objc; path = AudioCell.m; sourceTree = "<group>"; };
		4DD423152603F4F30027DCDC /* MergeAudioCell.h */ = {isa = PBXFileReference; lastKnownFileType = sourcecode.c.h; path = MergeAudioCell.h; sourceTree = "<group>"; };
		4DD423162603F4F30027DCDC /* MergeAudioCell.m */ = {isa = PBXFileReference; lastKnownFileType = sourcecode.c.objc; path = MergeAudioCell.m; sourceTree = "<group>"; };
		4DD9122325F96CF50021F3C8 /* MediaPlayer.framework */ = {isa = PBXFileReference; lastKnownFileType = wrapper.framework; name = MediaPlayer.framework; path = System/Library/Frameworks/MediaPlayer.framework; sourceTree = SDKROOT; };
		4DE0F89425E6A66E0015C4CA /* AVFoundation.framework */ = {isa = PBXFileReference; lastKnownFileType = wrapper.framework; name = AVFoundation.framework; path = System/Library/Frameworks/AVFoundation.framework; sourceTree = SDKROOT; };
		4DE2DA2B25F592BA00BD7444 /* click-track.wav */ = {isa = PBXFileReference; lastKnownFileType = audio.wav; path = "click-track.wav"; sourceTree = "<group>"; };
		4DE2DA2E25F592C800BD7444 /* Flute-1.wav */ = {isa = PBXFileReference; lastKnownFileType = audio.wav; path = "Flute-1.wav"; sourceTree = "<group>"; };
		4DE2DA2F25F592C900BD7444 /* Flute-2.wav */ = {isa = PBXFileReference; lastKnownFileType = audio.wav; path = "Flute-2.wav"; sourceTree = "<group>"; };
		5211E63A26097D0800EB9A10 /* ApplicationState.h */ = {isa = PBXFileReference; lastKnownFileType = sourcecode.c.h; path = ApplicationState.h; sourceTree = "<group>"; };
		5211E63C26097D6800EB9A10 /* ApplicationState.m */ = {isa = PBXFileReference; lastKnownFileType = sourcecode.c.objc; path = ApplicationState.m; sourceTree = "<group>"; };
		526719FF25FDF850001E9856 /* MOAudioSliderView.h */ = {isa = PBXFileReference; fileEncoding = 4; lastKnownFileType = sourcecode.c.h; path = MOAudioSliderView.h; sourceTree = "<group>"; };
		52671A0025FDF850001E9856 /* MOTimeTableView.h */ = {isa = PBXFileReference; fileEncoding = 4; lastKnownFileType = sourcecode.c.h; path = MOTimeTableView.h; sourceTree = "<group>"; };
		52671A0125FDF850001E9856 /* WaveView.m */ = {isa = PBXFileReference; fileEncoding = 4; lastKnownFileType = sourcecode.c.objc; path = WaveView.m; sourceTree = "<group>"; };
		52671A0225FDF850001E9856 /* MOWaveTableView.h */ = {isa = PBXFileReference; fileEncoding = 4; lastKnownFileType = sourcecode.c.h; path = MOWaveTableView.h; sourceTree = "<group>"; };
		52671A0325FDF850001E9856 /* MOAudioSliderView.m */ = {isa = PBXFileReference; fileEncoding = 4; lastKnownFileType = sourcecode.c.objc; path = MOAudioSliderView.m; sourceTree = "<group>"; };
		52671A0425FDF850001E9856 /* WaveView.h */ = {isa = PBXFileReference; fileEncoding = 4; lastKnownFileType = sourcecode.c.h; path = WaveView.h; sourceTree = "<group>"; };
		52671A0525FDF850001E9856 /* MOWaveTableView.m */ = {isa = PBXFileReference; fileEncoding = 4; lastKnownFileType = sourcecode.c.objc; path = MOWaveTableView.m; sourceTree = "<group>"; };
		52671A0625FDF850001E9856 /* MOTimeTableView.m */ = {isa = PBXFileReference; fileEncoding = 4; lastKnownFileType = sourcecode.c.objc; path = MOTimeTableView.m; sourceTree = "<group>"; };
		528F64FD25F2C51300021C64 /* GoogleService-Info.plist */ = {isa = PBXFileReference; fileEncoding = 4; lastKnownFileType = text.plist.xml; path = "GoogleService-Info.plist"; sourceTree = "<group>"; };
		529E89A725D4F16C004CD9B4 /* Tootti.app */ = {isa = PBXFileReference; explicitFileType = wrapper.application; includeInIndex = 0; path = Tootti.app; sourceTree = BUILT_PRODUCTS_DIR; };
		529E89AA25D4F16C004CD9B4 /* AppDelegate.h */ = {isa = PBXFileReference; lastKnownFileType = sourcecode.c.h; path = AppDelegate.h; sourceTree = "<group>"; };
		529E89AB25D4F16C004CD9B4 /* AppDelegate.m */ = {isa = PBXFileReference; lastKnownFileType = sourcecode.c.objc; path = AppDelegate.m; sourceTree = "<group>"; };
		529E89AD25D4F16C004CD9B4 /* SceneDelegate.h */ = {isa = PBXFileReference; lastKnownFileType = sourcecode.c.h; path = SceneDelegate.h; sourceTree = "<group>"; };
		529E89AE25D4F16C004CD9B4 /* SceneDelegate.m */ = {isa = PBXFileReference; lastKnownFileType = sourcecode.c.objc; path = SceneDelegate.m; sourceTree = "<group>"; };
		529E89B025D4F16C004CD9B4 /* HomeViewController.h */ = {isa = PBXFileReference; lastKnownFileType = sourcecode.c.h; path = HomeViewController.h; sourceTree = "<group>"; };
		529E89B125D4F16C004CD9B4 /* HomeViewController.m */ = {isa = PBXFileReference; lastKnownFileType = sourcecode.c.objc; path = HomeViewController.m; sourceTree = "<group>"; };
		529E89B425D4F16C004CD9B4 /* Base */ = {isa = PBXFileReference; lastKnownFileType = file.storyboard; name = Base; path = Base.lproj/Main.storyboard; sourceTree = "<group>"; };
		529E89B625D4F16E004CD9B4 /* Assets.xcassets */ = {isa = PBXFileReference; lastKnownFileType = folder.assetcatalog; path = Assets.xcassets; sourceTree = "<group>"; };
		529E89B925D4F16E004CD9B4 /* Base */ = {isa = PBXFileReference; lastKnownFileType = file.storyboard; name = Base; path = Base.lproj/LaunchScreen.storyboard; sourceTree = "<group>"; };
		529E89BB25D4F16E004CD9B4 /* Info.plist */ = {isa = PBXFileReference; lastKnownFileType = text.plist.xml; path = Info.plist; sourceTree = "<group>"; };
		529E89BC25D4F16E004CD9B4 /* main.m */ = {isa = PBXFileReference; lastKnownFileType = sourcecode.c.objc; path = main.m; sourceTree = "<group>"; };
		5A5703EA173AA8535F10302E /* Pods-Tootti.debug.xcconfig */ = {isa = PBXFileReference; includeInIndex = 1; lastKnownFileType = text.xcconfig; name = "Pods-Tootti.debug.xcconfig"; path = "Target Support Files/Pods-Tootti/Pods-Tootti.debug.xcconfig"; sourceTree = "<group>"; };
		D0E77DCA928637F698535D99 /* Pods_Tootti.framework */ = {isa = PBXFileReference; explicitFileType = wrapper.framework; includeInIndex = 0; path = Pods_Tootti.framework; sourceTree = BUILT_PRODUCTS_DIR; };
/* End PBXFileReference section */

/* Begin PBXFrameworksBuildPhase section */
		529E89A425D4F16C004CD9B4 /* Frameworks */ = {
			isa = PBXFrameworksBuildPhase;
			buildActionMask = 2147483647;
			files = (
				4DD9122425F96CF50021F3C8 /* MediaPlayer.framework in Frameworks */,
				4DE0F89525E6A66E0015C4CA /* AVFoundation.framework in Frameworks */,
				A39C211AFE463C2C1B788317 /* Pods_Tootti.framework in Frameworks */,
			);
			runOnlyForDeploymentPostprocessing = 0;
		};
/* End PBXFrameworksBuildPhase section */

/* Begin PBXGroup section */
		4D86E8BA25F2C6EE00A70623 /* Utilities */ = {
			isa = PBXGroup;
			children = (
				5211E63A26097D0800EB9A10 /* ApplicationState.h */,
				5211E63C26097D6800EB9A10 /* ApplicationState.m */,
				4D86E8BE25F2C6EE00A70623 /* Audio.h */,
				4D86E8C425F2C6EE00A70623 /* Audio.m */,
				4D86E8BF25F2C6EE00A70623 /* GuestUserDecorator.h */,
				4D86E8C325F2C6EE00A70623 /* GuestUserDecorator.m */,
				4D86E8BD25F2C6EE00A70623 /* HostUserDecorator.h */,
				4D86E8C225F2C6EE00A70623 /* HostUserDecorator.m */,
				526719FF25FDF850001E9856 /* MOAudioSliderView.h */,
				52671A0325FDF850001E9856 /* MOAudioSliderView.m */,
				52671A0025FDF850001E9856 /* MOTimeTableView.h */,
				52671A0625FDF850001E9856 /* MOTimeTableView.m */,
				52671A0225FDF850001E9856 /* MOWaveTableView.h */,
				52671A0525FDF850001E9856 /* MOWaveTableView.m */,
				4D86E8C025F2C6EE00A70623 /* Session.h */,
				4D86E8BB25F2C6EE00A70623 /* Session.m */,
				4D86E8C125F2C6EE00A70623 /* User.h */,
				4D86E8BC25F2C6EE00A70623 /* User.m */,
				52671A0425FDF850001E9856 /* WaveView.h */,
				52671A0125FDF850001E9856 /* WaveView.m */,
			);
			path = Utilities;
			sourceTree = "<group>";
		};
		4DE2DA2A25F5924600BD7444 /* Assets */ = {
			isa = PBXGroup;
			children = (
				4DE2DA2B25F592BA00BD7444 /* click-track.wav */,
				4DE2DA2E25F592C800BD7444 /* Flute-1.wav */,
				4DE2DA2F25F592C900BD7444 /* Flute-2.wav */,
			);
			path = Assets;
			sourceTree = "<group>";
		};
		529E899E25D4F16C004CD9B4 = {
			isa = PBXGroup;
			children = (
				4DE2DA2A25F5924600BD7444 /* Assets */,
				529E89A925D4F16C004CD9B4 /* Tootti */,
				529E89A825D4F16C004CD9B4 /* Products */,
				B42353C5FEE36A87AA02E0C0 /* Pods */,
				B29FDD0DAAC9EAF0FA864A51 /* Frameworks */,
			);
			sourceTree = "<group>";
		};
		529E89A825D4F16C004CD9B4 /* Products */ = {
			isa = PBXGroup;
			children = (
				529E89A725D4F16C004CD9B4 /* Tootti.app */,
			);
			name = Products;
			sourceTree = "<group>";
		};
		529E89A925D4F16C004CD9B4 /* Tootti */ = {
			isa = PBXGroup;
			children = (
				529E89AA25D4F16C004CD9B4 /* AppDelegate.h */,
				529E89AB25D4F16C004CD9B4 /* AppDelegate.m */,
				529E89B625D4F16E004CD9B4 /* Assets.xcassets */,
				4DD423112603BD5A0027DCDC /* AudioCell.h */,
				4DD423122603BD5A0027DCDC /* AudioCell.m */,
				4DB5B18C2602D25700583C54 /* AudioLibraryViewController.h */,
				4DB5B18D2602D25700583C54 /* AudioLibraryViewController.m */,
				4DB7994D25F19E4F004C1C8B /* ClickTrackSessionVC.h */,
				4DB7994E25F19E4F004C1C8B /* ClickTrackSessionVC.m */,
				4D925A5625EC68E600907574 /* CreateSessionDetailVC.h */,
				4D925A5725EC68E700907574 /* CreateSessionDetailVC.m */,
				528F64FD25F2C51300021C64 /* GoogleService-Info.plist */,
				4D925A5925EC68E700907574 /* HomeSessionVC.h */,
				4D925A5A25EC68E700907574 /* HomeSessionVC.m */,
				529E89B025D4F16C004CD9B4 /* HomeViewController.h */,
				529E89B125D4F16C004CD9B4 /* HomeViewController.m */,
				529E89BB25D4F16E004CD9B4 /* Info.plist */,
				4D925A5825EC68E700907574 /* JoinSessionDetailVC.h */,
				4D925A5C25EC68E700907574 /* JoinSessionDetailVC.m */,
				529E89B825D4F16E004CD9B4 /* LaunchScreen.storyboard */,
				529E89BC25D4F16E004CD9B4 /* main.m */,
				529E89B325D4F16C004CD9B4 /* Main.storyboard */,
				4DD423152603F4F30027DCDC /* MergeAudioCell.h */,
				4DD423162603F4F30027DCDC /* MergeAudioCell.m */,
				4DB7994925F19CBB004C1C8B /* MergeSessionVC.h */,
				4DB7994A25F19CBB004C1C8B /* MergeSessionVC.m */,
				4D925A5525EC68E600907574 /* RecordingSessionVC.h */,
				4D925A5B25EC68E700907574 /* RecordingSessionVC.m */,
				529E89AD25D4F16C004CD9B4 /* SceneDelegate.h */,
				529E89AE25D4F16C004CD9B4 /* SceneDelegate.m */,
				4DB3246125E56614006B09B4 /* SettingsViewController.h */,
				4DB3246225E56614006B09B4 /* SettingsViewController.m */,
				4DB3245925E5656D006B09B4 /* SignupViewController.h */,
				4DB3245A25E5656D006B09B4 /* SignupViewController.m */,
				4D925A6225ECA1FE00907574 /* ToottiDefinitions.h */,
				4D86E8BA25F2C6EE00A70623 /* Utilities */,
				4D8B0120260B8891006659AC /* ShareLinkVC.h */,
				4D8B0121260B8891006659AC /* ShareLinkVC.m */,
			);
			path = Tootti;
			sourceTree = "<group>";
		};
		B29FDD0DAAC9EAF0FA864A51 /* Frameworks */ = {
			isa = PBXGroup;
			children = (
				4DD9122325F96CF50021F3C8 /* MediaPlayer.framework */,
				4DE0F89425E6A66E0015C4CA /* AVFoundation.framework */,
				D0E77DCA928637F698535D99 /* Pods_Tootti.framework */,
			);
			name = Frameworks;
			sourceTree = "<group>";
		};
		B42353C5FEE36A87AA02E0C0 /* Pods */ = {
			isa = PBXGroup;
			children = (
				5A5703EA173AA8535F10302E /* Pods-Tootti.debug.xcconfig */,
				20076766DB71A729C47BA469 /* Pods-Tootti.release.xcconfig */,
			);
			path = Pods;
			sourceTree = "<group>";
		};
/* End PBXGroup section */

/* Begin PBXNativeTarget section */
		529E89A625D4F16C004CD9B4 /* Tootti */ = {
			isa = PBXNativeTarget;
			buildConfigurationList = 529E89C025D4F16E004CD9B4 /* Build configuration list for PBXNativeTarget "Tootti" */;
			buildPhases = (
				96DFBA7580799A1D5AE56E85 /* [CP] Check Pods Manifest.lock */,
				529E89A325D4F16C004CD9B4 /* Sources */,
				529E89A425D4F16C004CD9B4 /* Frameworks */,
				529E89A525D4F16C004CD9B4 /* Resources */,
				7D0D12CE3DA777D78AC3849A /* [CP] Embed Pods Frameworks */,
			);
			buildRules = (
			);
			dependencies = (
			);
			name = Tootti;
			productName = Tootti;
			productReference = 529E89A725D4F16C004CD9B4 /* Tootti.app */;
			productType = "com.apple.product-type.application";
		};
/* End PBXNativeTarget section */

/* Begin PBXProject section */
		529E899F25D4F16C004CD9B4 /* Project object */ = {
			isa = PBXProject;
			attributes = {
				LastUpgradeCheck = 1230;
				TargetAttributes = {
					529E89A625D4F16C004CD9B4 = {
						CreatedOnToolsVersion = 12.3;
					};
				};
			};
			buildConfigurationList = 529E89A225D4F16C004CD9B4 /* Build configuration list for PBXProject "Tootti" */;
			compatibilityVersion = "Xcode 9.3";
			developmentRegion = en;
			hasScannedForEncodings = 0;
			knownRegions = (
				en,
				Base,
			);
			mainGroup = 529E899E25D4F16C004CD9B4;
			productRefGroup = 529E89A825D4F16C004CD9B4 /* Products */;
			projectDirPath = "";
			projectRoot = "";
			targets = (
				529E89A625D4F16C004CD9B4 /* Tootti */,
			);
		};
/* End PBXProject section */

/* Begin PBXResourcesBuildPhase section */
		529E89A525D4F16C004CD9B4 /* Resources */ = {
			isa = PBXResourcesBuildPhase;
			buildActionMask = 2147483647;
			files = (
				4DE2DA3125F592C900BD7444 /* Flute-2.wav in Resources */,
				529E89BA25D4F16E004CD9B4 /* LaunchScreen.storyboard in Resources */,
				528F64FE25F2C51300021C64 /* GoogleService-Info.plist in Resources */,
				4DE2DA3025F592C900BD7444 /* Flute-1.wav in Resources */,
				529E89B725D4F16E004CD9B4 /* Assets.xcassets in Resources */,
				4DE2DA2C25F592BA00BD7444 /* click-track.wav in Resources */,
				529E89B525D4F16C004CD9B4 /* Main.storyboard in Resources */,
			);
			runOnlyForDeploymentPostprocessing = 0;
		};
/* End PBXResourcesBuildPhase section */

/* Begin PBXShellScriptBuildPhase section */
		7D0D12CE3DA777D78AC3849A /* [CP] Embed Pods Frameworks */ = {
			isa = PBXShellScriptBuildPhase;
			buildActionMask = 2147483647;
			files = (
			);
			inputFileListPaths = (
				"${PODS_ROOT}/Target Support Files/Pods-Tootti/Pods-Tootti-frameworks-${CONFIGURATION}-input-files.xcfilelist",
			);
			name = "[CP] Embed Pods Frameworks";
			outputFileListPaths = (
				"${PODS_ROOT}/Target Support Files/Pods-Tootti/Pods-Tootti-frameworks-${CONFIGURATION}-output-files.xcfilelist",
			);
			runOnlyForDeploymentPostprocessing = 0;
			shellPath = /bin/sh;
			shellScript = "\"${PODS_ROOT}/Target Support Files/Pods-Tootti/Pods-Tootti-frameworks.sh\"\n";
			showEnvVarsInLog = 0;
		};
		96DFBA7580799A1D5AE56E85 /* [CP] Check Pods Manifest.lock */ = {
			isa = PBXShellScriptBuildPhase;
			buildActionMask = 2147483647;
			files = (
			);
			inputFileListPaths = (
			);
			inputPaths = (
				"${PODS_PODFILE_DIR_PATH}/Podfile.lock",
				"${PODS_ROOT}/Manifest.lock",
			);
			name = "[CP] Check Pods Manifest.lock";
			outputFileListPaths = (
			);
			outputPaths = (
				"$(DERIVED_FILE_DIR)/Pods-Tootti-checkManifestLockResult.txt",
			);
			runOnlyForDeploymentPostprocessing = 0;
			shellPath = /bin/sh;
			shellScript = "diff \"${PODS_PODFILE_DIR_PATH}/Podfile.lock\" \"${PODS_ROOT}/Manifest.lock\" > /dev/null\nif [ $? != 0 ] ; then\n    # print error to STDERR\n    echo \"error: The sandbox is not in sync with the Podfile.lock. Run 'pod install' or update your CocoaPods installation.\" >&2\n    exit 1\nfi\n# This output is used by Xcode 'outputs' to avoid re-running this script phase.\necho \"SUCCESS\" > \"${SCRIPT_OUTPUT_FILE_0}\"\n";
			showEnvVarsInLog = 0;
		};
/* End PBXShellScriptBuildPhase section */

/* Begin PBXSourcesBuildPhase section */
		529E89A325D4F16C004CD9B4 /* Sources */ = {
			isa = PBXSourcesBuildPhase;
			buildActionMask = 2147483647;
			files = (
				4DB5B1872602828C00583C54 /* MOAudioSliderView.h in Sources */,
				5211E63D26097D6800EB9A10 /* ApplicationState.m in Sources */,
				4DB5B1882602828C00583C54 /* MOTimeTableView.h in Sources */,
				4DB5B1892602828C00583C54 /* MOWaveTableView.h in Sources */,
				4DB5B18A2602828C00583C54 /* WaveView.h in Sources */,
				4D86E8CB25F2C70C00A70623 /* HostUserDecorator.h in Sources */,
				4D86E8CC25F2C70C00A70623 /* Audio.h in Sources */,
				52671A0825FDF850001E9856 /* MOAudioSliderView.m in Sources */,
				4D86E8CD25F2C70C00A70623 /* GuestUserDecorator.h in Sources */,
				4D86E8CE25F2C70C00A70623 /* Session.h in Sources */,
				4D86E8CF25F2C70C00A70623 /* User.h in Sources */,
				52671A0925FDF850001E9856 /* MOWaveTableView.m in Sources */,
				4D925A5E25EC68E700907574 /* HomeSessionVC.m in Sources */,
				52671A0A25FDF850001E9856 /* MOTimeTableView.m in Sources */,
				529E89B225D4F16C004CD9B4 /* HomeViewController.m in Sources */,
				4D925A6025EC68E700907574 /* JoinSessionDetailVC.m in Sources */,
				4D86E8C525F2C6EE00A70623 /* Session.m in Sources */,
				4D86E8C925F2C6EE00A70623 /* Audio.m in Sources */,
				529E89AC25D4F16C004CD9B4 /* AppDelegate.m in Sources */,
				4DB5B18E2602D25700583C54 /* AudioLibraryViewController.m in Sources */,
				529E89BD25D4F16E004CD9B4 /* main.m in Sources */,
				4DB7994B25F19CBB004C1C8B /* MergeSessionVC.m in Sources */,
				529E89AF25D4F16C004CD9B4 /* SceneDelegate.m in Sources */,
				4D86E8C725F2C6EE00A70623 /* HostUserDecorator.m in Sources */,
				4DD423172603F4F30027DCDC /* MergeAudioCell.m in Sources */,
				4D8B0122260B8891006659AC /* ShareLinkVC.m in Sources */,
				4D86E8C825F2C6EE00A70623 /* GuestUserDecorator.m in Sources */,
				4DD423132603BD5A0027DCDC /* AudioCell.m in Sources */,
				4D86E8C625F2C6EE00A70623 /* User.m in Sources */,
				4D925A5D25EC68E700907574 /* CreateSessionDetailVC.m in Sources */,
				4DB7994F25F19E4F004C1C8B /* ClickTrackSessionVC.m in Sources */,
				52671A0725FDF850001E9856 /* WaveView.m in Sources */,
				4DB3245B25E5656D006B09B4 /* SignupViewController.m in Sources */,
				4DB3246325E56614006B09B4 /* SettingsViewController.m in Sources */,
				4D925A5F25EC68E700907574 /* RecordingSessionVC.m in Sources */,
			);
			runOnlyForDeploymentPostprocessing = 0;
		};
/* End PBXSourcesBuildPhase section */

/* Begin PBXVariantGroup section */
		529E89B325D4F16C004CD9B4 /* Main.storyboard */ = {
			isa = PBXVariantGroup;
			children = (
				529E89B425D4F16C004CD9B4 /* Base */,
			);
			name = Main.storyboard;
			sourceTree = "<group>";
		};
		529E89B825D4F16E004CD9B4 /* LaunchScreen.storyboard */ = {
			isa = PBXVariantGroup;
			children = (
				529E89B925D4F16E004CD9B4 /* Base */,
			);
			name = LaunchScreen.storyboard;
			sourceTree = "<group>";
		};
/* End PBXVariantGroup section */

/* Begin XCBuildConfiguration section */
		529E89BE25D4F16E004CD9B4 /* Debug */ = {
			isa = XCBuildConfiguration;
			buildSettings = {
				ALWAYS_SEARCH_USER_PATHS = NO;
				CLANG_ANALYZER_NONNULL = YES;
				CLANG_ANALYZER_NUMBER_OBJECT_CONVERSION = YES_AGGRESSIVE;
				CLANG_CXX_LANGUAGE_STANDARD = "gnu++14";
				CLANG_CXX_LIBRARY = "libc++";
				CLANG_ENABLE_MODULES = YES;
				CLANG_ENABLE_OBJC_ARC = YES;
				CLANG_ENABLE_OBJC_WEAK = YES;
				CLANG_WARN_BLOCK_CAPTURE_AUTORELEASING = YES;
				CLANG_WARN_BOOL_CONVERSION = YES;
				CLANG_WARN_COMMA = YES;
				CLANG_WARN_CONSTANT_CONVERSION = YES;
				CLANG_WARN_DEPRECATED_OBJC_IMPLEMENTATIONS = YES;
				CLANG_WARN_DIRECT_OBJC_ISA_USAGE = YES_ERROR;
				CLANG_WARN_DOCUMENTATION_COMMENTS = YES;
				CLANG_WARN_EMPTY_BODY = YES;
				CLANG_WARN_ENUM_CONVERSION = YES;
				CLANG_WARN_INFINITE_RECURSION = YES;
				CLANG_WARN_INT_CONVERSION = YES;
				CLANG_WARN_NON_LITERAL_NULL_CONVERSION = YES;
				CLANG_WARN_OBJC_IMPLICIT_RETAIN_SELF = YES;
				CLANG_WARN_OBJC_LITERAL_CONVERSION = YES;
				CLANG_WARN_OBJC_ROOT_CLASS = YES_ERROR;
				CLANG_WARN_QUOTED_INCLUDE_IN_FRAMEWORK_HEADER = YES;
				CLANG_WARN_RANGE_LOOP_ANALYSIS = YES;
				CLANG_WARN_STRICT_PROTOTYPES = YES;
				CLANG_WARN_SUSPICIOUS_MOVE = YES;
				CLANG_WARN_UNGUARDED_AVAILABILITY = YES_AGGRESSIVE;
				CLANG_WARN_UNREACHABLE_CODE = YES;
				CLANG_WARN__DUPLICATE_METHOD_MATCH = YES;
				COPY_PHASE_STRIP = NO;
				DEBUG_INFORMATION_FORMAT = dwarf;
				ENABLE_STRICT_OBJC_MSGSEND = YES;
				ENABLE_TESTABILITY = YES;
				GCC_C_LANGUAGE_STANDARD = gnu11;
				GCC_DYNAMIC_NO_PIC = NO;
				GCC_NO_COMMON_BLOCKS = YES;
				GCC_OPTIMIZATION_LEVEL = 0;
				GCC_PREPROCESSOR_DEFINITIONS = (
					"DEBUG=1",
					"$(inherited)",
				);
				GCC_WARN_64_TO_32_BIT_CONVERSION = YES;
				GCC_WARN_ABOUT_RETURN_TYPE = YES_ERROR;
				GCC_WARN_UNDECLARED_SELECTOR = YES;
				GCC_WARN_UNINITIALIZED_AUTOS = YES_AGGRESSIVE;
				GCC_WARN_UNUSED_FUNCTION = YES;
				GCC_WARN_UNUSED_VARIABLE = YES;
				IPHONEOS_DEPLOYMENT_TARGET = 14.3;
				MTL_ENABLE_DEBUG_INFO = INCLUDE_SOURCE;
				MTL_FAST_MATH = YES;
				ONLY_ACTIVE_ARCH = YES;
				SDKROOT = iphoneos;
			};
			name = Debug;
		};
		529E89BF25D4F16E004CD9B4 /* Release */ = {
			isa = XCBuildConfiguration;
			buildSettings = {
				ALWAYS_SEARCH_USER_PATHS = NO;
				CLANG_ANALYZER_NONNULL = YES;
				CLANG_ANALYZER_NUMBER_OBJECT_CONVERSION = YES_AGGRESSIVE;
				CLANG_CXX_LANGUAGE_STANDARD = "gnu++14";
				CLANG_CXX_LIBRARY = "libc++";
				CLANG_ENABLE_MODULES = YES;
				CLANG_ENABLE_OBJC_ARC = YES;
				CLANG_ENABLE_OBJC_WEAK = YES;
				CLANG_WARN_BLOCK_CAPTURE_AUTORELEASING = YES;
				CLANG_WARN_BOOL_CONVERSION = YES;
				CLANG_WARN_COMMA = YES;
				CLANG_WARN_CONSTANT_CONVERSION = YES;
				CLANG_WARN_DEPRECATED_OBJC_IMPLEMENTATIONS = YES;
				CLANG_WARN_DIRECT_OBJC_ISA_USAGE = YES_ERROR;
				CLANG_WARN_DOCUMENTATION_COMMENTS = YES;
				CLANG_WARN_EMPTY_BODY = YES;
				CLANG_WARN_ENUM_CONVERSION = YES;
				CLANG_WARN_INFINITE_RECURSION = YES;
				CLANG_WARN_INT_CONVERSION = YES;
				CLANG_WARN_NON_LITERAL_NULL_CONVERSION = YES;
				CLANG_WARN_OBJC_IMPLICIT_RETAIN_SELF = YES;
				CLANG_WARN_OBJC_LITERAL_CONVERSION = YES;
				CLANG_WARN_OBJC_ROOT_CLASS = YES_ERROR;
				CLANG_WARN_QUOTED_INCLUDE_IN_FRAMEWORK_HEADER = YES;
				CLANG_WARN_RANGE_LOOP_ANALYSIS = YES;
				CLANG_WARN_STRICT_PROTOTYPES = YES;
				CLANG_WARN_SUSPICIOUS_MOVE = YES;
				CLANG_WARN_UNGUARDED_AVAILABILITY = YES_AGGRESSIVE;
				CLANG_WARN_UNREACHABLE_CODE = YES;
				CLANG_WARN__DUPLICATE_METHOD_MATCH = YES;
				COPY_PHASE_STRIP = NO;
				DEBUG_INFORMATION_FORMAT = "dwarf-with-dsym";
				ENABLE_NS_ASSERTIONS = NO;
				ENABLE_STRICT_OBJC_MSGSEND = YES;
				GCC_C_LANGUAGE_STANDARD = gnu11;
				GCC_NO_COMMON_BLOCKS = YES;
				GCC_WARN_64_TO_32_BIT_CONVERSION = YES;
				GCC_WARN_ABOUT_RETURN_TYPE = YES_ERROR;
				GCC_WARN_UNDECLARED_SELECTOR = YES;
				GCC_WARN_UNINITIALIZED_AUTOS = YES_AGGRESSIVE;
				GCC_WARN_UNUSED_FUNCTION = YES;
				GCC_WARN_UNUSED_VARIABLE = YES;
				IPHONEOS_DEPLOYMENT_TARGET = 14.3;
				MTL_ENABLE_DEBUG_INFO = NO;
				MTL_FAST_MATH = YES;
				SDKROOT = iphoneos;
				VALIDATE_PRODUCT = YES;
			};
			name = Release;
		};
		529E89C125D4F16E004CD9B4 /* Debug */ = {
			isa = XCBuildConfiguration;
			baseConfigurationReference = 5A5703EA173AA8535F10302E /* Pods-Tootti.debug.xcconfig */;
			buildSettings = {
				ASSETCATALOG_COMPILER_APPICON_NAME = AppIcon;
				ASSETCATALOG_COMPILER_GLOBAL_ACCENT_COLOR_NAME = AccentColor;
				CODE_SIGN_IDENTITY = "Apple Development";
				CODE_SIGN_STYLE = Automatic;
				CURRENT_PROJECT_VERSION = 1;
				DEVELOPMENT_TEAM = 769F367252;
				INFOPLIST_FILE = Tootti/Info.plist;
				IPHONEOS_DEPLOYMENT_TARGET = 14.3;
				LD_RUNPATH_SEARCH_PATHS = (
					"$(inherited)",
					"@executable_path/Frameworks",
				);
				MARKETING_VERSION = 0;
				PRODUCT_BUNDLE_IDENTIFIER = "tootti-app.Tootti";
				PRODUCT_NAME = "$(TARGET_NAME)";
				PROVISIONING_PROFILE_SPECIFIER = "";
				TARGETED_DEVICE_FAMILY = 1;
			};
			name = Debug;
		};
		529E89C225D4F16E004CD9B4 /* Release */ = {
			isa = XCBuildConfiguration;
			baseConfigurationReference = 20076766DB71A729C47BA469 /* Pods-Tootti.release.xcconfig */;
			buildSettings = {
				ASSETCATALOG_COMPILER_APPICON_NAME = AppIcon;
				ASSETCATALOG_COMPILER_GLOBAL_ACCENT_COLOR_NAME = AccentColor;
				CODE_SIGN_IDENTITY = "Apple Development";
				CODE_SIGN_STYLE = Automatic;
				CURRENT_PROJECT_VERSION = 1;
				DEVELOPMENT_TEAM = 769F367252;
				INFOPLIST_FILE = Tootti/Info.plist;
				IPHONEOS_DEPLOYMENT_TARGET = 14.3;
				LD_RUNPATH_SEARCH_PATHS = (
					"$(inherited)",
					"@executable_path/Frameworks",
				);
				MARKETING_VERSION = 0;
				PRODUCT_BUNDLE_IDENTIFIER = "tootti-app.Tootti";
				PRODUCT_NAME = "$(TARGET_NAME)";
				PROVISIONING_PROFILE_SPECIFIER = "";
				TARGETED_DEVICE_FAMILY = 1;
			};
			name = Release;
		};
/* End XCBuildConfiguration section */

/* Begin XCConfigurationList section */
		529E89A225D4F16C004CD9B4 /* Build configuration list for PBXProject "Tootti" */ = {
			isa = XCConfigurationList;
			buildConfigurations = (
				529E89BE25D4F16E004CD9B4 /* Debug */,
				529E89BF25D4F16E004CD9B4 /* Release */,
			);
			defaultConfigurationIsVisible = 0;
			defaultConfigurationName = Release;
		};
		529E89C025D4F16E004CD9B4 /* Build configuration list for PBXNativeTarget "Tootti" */ = {
			isa = XCConfigurationList;
			buildConfigurations = (
				529E89C125D4F16E004CD9B4 /* Debug */,
				529E89C225D4F16E004CD9B4 /* Release */,
			);
			defaultConfigurationIsVisible = 0;
			defaultConfigurationName = Release;
		};
/* End XCConfigurationList section */
	};
	rootObject = 529E899F25D4F16C004CD9B4 /* Project object */;
}
